
Microsoft Visual Studio Solution File, Format Version 12.00
# Visual Studio 15
VisualStudioVersion = 15.0.28307.489
MinimumVisualStudioVersion = 10.0.40219.1
Project("{FAE04EC0-301F-11D3-BF4B-00C04F79EFBC}") = "AutoTypeInputLanguage", "SwitchInputToEnglish\AutoTypeInputLanguage.csproj", "{50C894E8-AE13-4718-95FA-DDAE4CAB08F8}"
EndProject
Global
	GlobalSection(SolutionConfigurationPlatforms) = preSolution
		Debug|Any CPU = Debug|Any CPU
		Release|Any CPU = Release|Any CPU
	EndGlobalSection
	GlobalSection(ProjectConfigurationPlatforms) = postSolution
		{50C894E8-AE13-4718-95FA-DDAE4CAB08F8}.Debug|Any CPU.ActiveCfg = Debug|Any CPU
		{50C894E8-AE13-4718-95FA-DDAE4CAB08F8}.Debug|Any CPU.Build.0 = Debug|Any CPU
		{50C894E8-AE13-4718-95FA-DDAE4CAB08F8}.Release|Any CPU.ActiveCfg = Release|Any CPU
		{50C894E8-AE13-4718-95FA-DDAE4CAB08F8}.Release|Any CPU.Build.0 = Release|Any CPU
	EndGlobalSection
	GlobalSection(SolutionProperties) = preSolution
		HideSolutionNode = FALSE
	EndGlobalSection
	GlobalSection(ExtensibilityGlobals) = postSolution
		SolutionGuid = {EE9442EF-32CF-41C9-A9E1-3A7647D479DE}
	EndGlobalSection
EndGlobal
